{
  "requires": true,
  "lockfileVersion": 1,
  "dependencies": {
    "angular-bootstrap-contextmenu": {
      "version": "1.2.0",
      "resolved": "https://registry.npmjs.org/angular-bootstrap-contextmenu/-/angular-bootstrap-contextmenu-1.2.0.tgz",
      "integrity": "sha512-yDeLE+OTH8328uQm6BsvdEv5n591i+PjXKLVPsInndqTFS1L3R6infQ6kcx/YtsOCcLLPy4pJsAgOex8IUMV2w=="
    }
  }
}
